
Microsoft Visual Studio Solution File, Format Version 12.00
# Visual Studio Version 17
VisualStudioVersion = 17.11.35327.3
MinimumVisualStudioVersion = 10.0.40219.1
Project("{FAE04EC0-301F-11D3-BF4B-00C04F79EFBC}") = "16.09.24 HW(2)", "16.09.24 HW(2)\16.09.24 HW(2).csproj", "{8656BB95-DF9F-4647-84C0-B731A27AE02A}"
EndProject
Global
	GlobalSection(SolutionConfigurationPlatforms) = preSolution
		Debug|Any CPU = Debug|Any CPU
		Release|Any CPU = Release|Any CPU
	EndGlobalSection
	GlobalSection(ProjectConfigurationPlatforms) = postSolution
		{8656BB95-DF9F-4647-84C0-B731A27AE02A}.Debug|Any CPU.ActiveCfg = Debug|Any CPU
		{8656BB95-DF9F-4647-84C0-B731A27AE02A}.Debug|Any CPU.Build.0 = Debug|Any CPU
		{8656BB95-DF9F-4647-84C0-B731A27AE02A}.Release|Any CPU.ActiveCfg = Release|Any CPU
		{8656BB95-DF9F-4647-84C0-B731A27AE02A}.Release|Any CPU.Build.0 = Release|Any CPU
	EndGlobalSection
	GlobalSection(SolutionProperties) = preSolution
		HideSolutionNode = FALSE
	EndGlobalSection
	GlobalSection(ExtensibilityGlobals) = postSolution
		SolutionGuid = {EAEDFFF9-6E57-49F6-892D-DC9E4D287C52}
	EndGlobalSection
EndGlobal
